# This file is autogenerated, do not edit; changes may be undone by the next 'dep ensure'.


[[projects]]
  name = "github.com/go-stack/stack"
  packages = ["."]
  revision = "2fee6af1a9795aafbe0253a0cfbdf668e1fb8a9a"
  version = "v1.8.0"

[[projects]]
  branch = "master"
  name = "github.com/golang/snappy"
  packages = ["."]
  revision = "2e65f85255dbc3072edf28d6b5b8efc472979f5a"

[[projects]]
  name = "github.com/mongodb/mongo-go-driver"
  packages = [
    "bson",
    "bson/bsoncodec",
    "bson/bsonrw",
    "bson/bsontype",
    "bson/decimal",
    "bson/objectid",
    "bson/primitive",
    "core/address",
    "core/auth",
    "core/auth/internal/gssapi",
    "core/command",
    "core/compressor",
    "core/connection",
    "core/connstring",
    "core/description",
    "core/dispatch",
    "core/event",
    "core/result",
    "core/session",
    "core/tag",
    "core/topology",
    "core/uuid",
    "core/version",
    "core/wiremessage",
    "internal",
    "mongo",
    "mongo/readconcern",
    "mongo/readpref",
    "mongo/writeconcern",
    "options",
    "x/bsonx",
    "x/bsonx/bsoncore"
  ]
  revision = "dbffb1c211bf96fbd721b4bd6911331e5c1886ab"
  version = "v0.0.18"

[[projects]]
  branch = "master"
  name = "github.com/xdg/scram"
  packages = ["."]
  revision = "7eeb5667e42c09cb51bf7b7c28aea8c56767da90"

[[projects]]
  name = "github.com/xdg/stringprep"
  packages = ["."]
  revision = "bd625b8dc1e3b0f57412280ccbcc317f0c69d8db"
  version = "v1.0.0"

[[projects]]
  branch = "master"
  name = "golang.org/x/crypto"
  packages = ["pbkdf2"]
  revision = "3d3f9f413869b949e48070b5bc593aa22cc2b8f2"

[[projects]]
  branch = "master"
  name = "golang.org/x/sync"
  packages = ["semaphore"]
  revision = "42b317875d0fa942474b76e1b46a6060d720ae6e"

[[projects]]
  name = "golang.org/x/text"
  packages = [
    "internal/gen",
    "internal/triegen",
    "internal/ucd",
    "transform",
    "unicode/cldr",
    "unicode/norm"
  ]
  revision = "f21a4dfb5e38f5895301dc265a8def02365cc3d0"
  version = "v0.3.0"

[solve-meta]
  analyzer-name = "dep"
  analyzer-version = 1
  inputs-digest = "1c7d59b297f0afee236664606e3fe390462c3b2ea1c9ae8c063d986ed92e38a0"
  solver-name = "gps-cdcl"
  solver-version = 1
